
Microsoft Visual Studio Solution File, Format Version 12.00
# Visual Studio Version 17
VisualStudioVersion = 17.0.31903.59
MinimumVisualStudioVersion = 10.0.40219.1
Project("{2150E333-8FDC-42A3-9474-1A3956D46DE8}") = "src", "src", "{2288CE5B-5551-498A-88B8-979A0ABE20C4}"
EndProject
Project("{FAE04EC0-301F-11D3-BF4B-00C04F79EFBC}") = "KaopizAuth.Domain", "src\KaopizAuth.Domain\KaopizAuth.Domain.csproj", "{5AF685D9-DC42-4A0B-A667-6662AE07BCC0}"
EndProject
Project("{FAE04EC0-301F-11D3-BF4B-00C04F79EFBC}") = "KaopizAuth.Application", "src\KaopizAuth.Application\KaopizAuth.Application.csproj", "{62EF0E7F-3545-4609-8F1B-35807BA8D841}"
EndProject
Project("{FAE04EC0-301F-11D3-BF4B-00C04F79EFBC}") = "KaopizAuth.Infrastructure", "src\KaopizAuth.Infrastructure\KaopizAuth.Infrastructure.csproj", "{E48EC1E6-2BF1-4095-B690-DD2BE9EB8CDB}"
EndProject
Project("{FAE04EC0-301F-11D3-BF4B-00C04F79EFBC}") = "KaopizAuth.WebAPI", "src\KaopizAuth.WebAPI\KaopizAuth.WebAPI.csproj", "{6450F788-4385-40AE-AD2A-C0C86419E0D4}"
EndProject
Project("{2150E333-8FDC-42A3-9474-1A3956D46DE8}") = "tests", "tests", "{C40B5267-00F6-4224-B9F1-098BA9A3416D}"
EndProject
Project("{FAE04EC0-301F-11D3-BF4B-00C04F79EFBC}") = "KaopizAuth.SecurityTests", "tests\KaopizAuth.SecurityTests\KaopizAuth.SecurityTests.csproj", "{C1D8224F-CFAE-4D01-9BA7-455579CB5390}"
EndProject
Project("{FAE04EC0-301F-11D3-BF4B-00C04F79EFBC}") = "KaopizAuth.IntegrationTests", "tests\KaopizAuth.IntegrationTests\KaopizAuth.IntegrationTests.csproj", "{FC968A0A-85AE-48AA-979C-6F0536011C7C}"
EndProject
Project("{FAE04EC0-301F-11D3-BF4B-00C04F79EFBC}") = "KaopizAuth.ArchitectureTests", "tests\KaopizAuth.ArchitectureTests\KaopizAuth.ArchitectureTests.csproj", "{980C6695-5DF7-43C0-BBAD-6880938F00E5}"
EndProject
Project("{FAE04EC0-301F-11D3-BF4B-00C04F79EFBC}") = "KaopizAuth.PerformanceTests", "tests\KaopizAuth.PerformanceTests\KaopizAuth.PerformanceTests.csproj", "{A1B2C3D4-5E6F-7890-ABCD-EF1234567890}"
EndProject
Global
	GlobalSection(SolutionConfigurationPlatforms) = preSolution
		Debug|Any CPU = Debug|Any CPU
		Release|Any CPU = Release|Any CPU
	EndGlobalSection
	GlobalSection(SolutionProperties) = preSolution
		HideSolutionNode = FALSE
	EndGlobalSection
	GlobalSection(ProjectConfigurationPlatforms) = postSolution
		{5AF685D9-DC42-4A0B-A667-6662AE07BCC0}.Debug|Any CPU.ActiveCfg = Debug|Any CPU
		{5AF685D9-DC42-4A0B-A667-6662AE07BCC0}.Debug|Any CPU.Build.0 = Debug|Any CPU
		{5AF685D9-DC42-4A0B-A667-6662AE07BCC0}.Release|Any CPU.ActiveCfg = Release|Any CPU
		{5AF685D9-DC42-4A0B-A667-6662AE07BCC0}.Release|Any CPU.Build.0 = Release|Any CPU
		{62EF0E7F-3545-4609-8F1B-35807BA8D841}.Debug|Any CPU.ActiveCfg = Debug|Any CPU
		{62EF0E7F-3545-4609-8F1B-35807BA8D841}.Debug|Any CPU.Build.0 = Debug|Any CPU
		{62EF0E7F-3545-4609-8F1B-35807BA8D841}.Release|Any CPU.ActiveCfg = Release|Any CPU
		{62EF0E7F-3545-4609-8F1B-35807BA8D841}.Release|Any CPU.Build.0 = Release|Any CPU
		{E48EC1E6-2BF1-4095-B690-DD2BE9EB8CDB}.Debug|Any CPU.ActiveCfg = Debug|Any CPU
		{E48EC1E6-2BF1-4095-B690-DD2BE9EB8CDB}.Debug|Any CPU.Build.0 = Debug|Any CPU
		{E48EC1E6-2BF1-4095-B690-DD2BE9EB8CDB}.Release|Any CPU.ActiveCfg = Release|Any CPU
		{E48EC1E6-2BF1-4095-B690-DD2BE9EB8CDB}.Release|Any CPU.Build.0 = Release|Any CPU
		{6450F788-4385-40AE-AD2A-C0C86419E0D4}.Debug|Any CPU.ActiveCfg = Debug|Any CPU
		{6450F788-4385-40AE-AD2A-C0C86419E0D4}.Debug|Any CPU.Build.0 = Debug|Any CPU
		{6450F788-4385-40AE-AD2A-C0C86419E0D4}.Release|Any CPU.ActiveCfg = Release|Any CPU
		{6450F788-4385-40AE-AD2A-C0C86419E0D4}.Release|Any CPU.Build.0 = Release|Any CPU
		{C1D8224F-CFAE-4D01-9BA7-455579CB5390}.Debug|Any CPU.ActiveCfg = Debug|Any CPU
		{C1D8224F-CFAE-4D01-9BA7-455579CB5390}.Debug|Any CPU.Build.0 = Debug|Any CPU
		{C1D8224F-CFAE-4D01-9BA7-455579CB5390}.Release|Any CPU.ActiveCfg = Release|Any CPU
		{C1D8224F-CFAE-4D01-9BA7-455579CB5390}.Release|Any CPU.Build.0 = Release|Any CPU
		{FC968A0A-85AE-48AA-979C-6F0536011C7C}.Debug|Any CPU.ActiveCfg = Debug|Any CPU
		{FC968A0A-85AE-48AA-979C-6F0536011C7C}.Debug|Any CPU.Build.0 = Debug|Any CPU
		{FC968A0A-85AE-48AA-979C-6F0536011C7C}.Release|Any CPU.ActiveCfg = Release|Any CPU
		{FC968A0A-85AE-48AA-979C-6F0536011C7C}.Release|Any CPU.Build.0 = Release|Any CPU
		{980C6695-5DF7-43C0-BBAD-6880938F00E5}.Debug|Any CPU.ActiveCfg = Debug|Any CPU
		{980C6695-5DF7-43C0-BBAD-6880938F00E5}.Debug|Any CPU.Build.0 = Debug|Any CPU
		{980C6695-5DF7-43C0-BBAD-6880938F00E5}.Release|Any CPU.ActiveCfg = Release|Any CPU
		{980C6695-5DF7-43C0-BBAD-6880938F00E5}.Release|Any CPU.Build.0 = Release|Any CPU
		{A1B2C3D4-5E6F-7890-ABCD-EF1234567890}.Debug|Any CPU.ActiveCfg = Debug|Any CPU
		{A1B2C3D4-5E6F-7890-ABCD-EF1234567890}.Debug|Any CPU.Build.0 = Debug|Any CPU
		{A1B2C3D4-5E6F-7890-ABCD-EF1234567890}.Release|Any CPU.ActiveCfg = Release|Any CPU
		{A1B2C3D4-5E6F-7890-ABCD-EF1234567890}.Release|Any CPU.Build.0 = Release|Any CPU
	EndGlobalSection
	GlobalSection(NestedProjects) = preSolution
		{5AF685D9-DC42-4A0B-A667-6662AE07BCC0} = {2288CE5B-5551-498A-88B8-979A0ABE20C4}
		{62EF0E7F-3545-4609-8F1B-35807BA8D841} = {2288CE5B-5551-498A-88B8-979A0ABE20C4}
		{E48EC1E6-2BF1-4095-B690-DD2BE9EB8CDB} = {2288CE5B-5551-498A-88B8-979A0ABE20C4}
		{6450F788-4385-40AE-AD2A-C0C86419E0D4} = {2288CE5B-5551-498A-88B8-979A0ABE20C4}
		{C1D8224F-CFAE-4D01-9BA7-455579CB5390} = {C40B5267-00F6-4224-B9F1-098BA9A3416D}
		{FC968A0A-85AE-48AA-979C-6F0536011C7C} = {7609A940-362C-47D1-BEE1-61DCD3DFA543}
		{980C6695-5DF7-43C0-BBAD-6880938F00E5} = {7609A940-362C-47D1-BEE1-61DCD3DFA543}
		{A1B2C3D4-5E6F-7890-ABCD-EF1234567890} = {7609A940-362C-47D1-BEE1-61DCD3DFA543}
	EndGlobalSection
EndGlobal
